// !$*UTF8*$!
{
	archiveVersion = 1;
	classes = {
	};
	objectVersion = 46;
	objects = {

/* Begin PBXBuildFile section */
		A838CC111D8902110066AF1A /* AppDelegate.swift in Sources */ = {isa = PBXBuildFile; fileRef = A838CC101D8902110066AF1A /* AppDelegate.swift */; };
		A838CC131D8902110066AF1A /* ViewController.swift in Sources */ = {isa = PBXBuildFile; fileRef = A838CC121D8902110066AF1A /* ViewController.swift */; };
		A838CC161D8902110066AF1A /* Main.storyboard in Resources */ = {isa = PBXBuildFile; fileRef = A838CC141D8902110066AF1A /* Main.storyboard */; };
		A838CC181D8902110066AF1A /* Assets.xcassets in Resources */ = {isa = PBXBuildFile; fileRef = A838CC171D8902110066AF1A /* Assets.xcassets */; };
		A838CC1B1D8902110066AF1A /* LaunchScreen.storyboard in Resources */ = {isa = PBXBuildFile; fileRef = A838CC191D8902110066AF1A /* LaunchScreen.storyboard */; };
		A838CC261D8902110066AF1A /* tippyTests.swift in Sources */ = {isa = PBXBuildFile; fileRef = A838CC251D8902110066AF1A /* tippyTests.swift */; };
		A838CC311D8902110066AF1A /* tippyUITests.swift in Sources */ = {isa = PBXBuildFile; fileRef = A838CC301D8902110066AF1A /* tippyUITests.swift */; };
/* End PBXBuildFile section */

/* Begin PBXContainerItemProxy section */
		A838CC221D8902110066AF1A /* PBXContainerItemProxy */ = {
			isa = PBXContainerItemProxy;
			containerPortal = A838CC051D8902110066AF1A /* Project object */;
			proxyType = 1;
			remoteGlobalIDString = A838CC0C1D8902110066AF1A;
			remoteInfo = tippy;
		};
		A838CC2D1D8902110066AF1A /* PBXContainerItemProxy */ = {
			isa = PBXContainerItemProxy;
			containerPortal = A838CC051D8902110066AF1A /* Project object */;
			proxyType = 1;
			remoteGlobalIDString = A838CC0C1D8902110066AF1A;
			remoteInfo = tippy;
		};
/* End PBXContainerItemProxy section */

/* Begin PBXFileReference section */
		A838CC0D1D8902110066AF1A /* tippy.app */ = {isa = PBXFileReference; explicitFileType = wrapper.application; includeInIndex = 0; path = tippy.app; sourceTree = BUILT_PRODUCTS_DIR; };
		A838CC101D8902110066AF1A /* AppDelegate.swift */ = {isa = PBXFileReference; lastKnownFileType = sourcecode.swift; path = AppDelegate.swift; sourceTree = "<group>"; };
		A838CC121D8902110066AF1A /* ViewController.swift */ = {isa = PBXFileReference; lastKnownFileType = sourcecode.swift; path = ViewController.swift; sourceTree = "<group>"; };
		A838CC151D8902110066AF1A /* Base */ = {isa = PBXFileReference; lastKnownFileType = file.storyboard; name = Base; path = Base.lproj/Main.storyboard; sourceTree = "<group>"; };
		A838CC171D8902110066AF1A /* Assets.xcassets */ = {isa = PBXFileReference; lastKnownFileType = folder.assetcatalog; path = Assets.xcassets; sourceTree = "<group>"; };
		A838CC1A1D8902110066AF1A /* Base */ = {isa = PBXFileReference; lastKnownFileType = file.storyboard; name = Base; path = Base.lproj/LaunchScreen.storyboard; sourceTree = "<group>"; };
		A838CC1C1D8902110066AF1A /* Info.plist */ = {isa = PBXFileReference; lastKnownFileType = text.plist.xml; path = Info.plist; sourceTree = "<group>"; };
		A838CC211D8902110066AF1A /* tippyTests.xctest */ = {isa = PBXFileReference; explicitFileType = wrapper.cfbundle; includeInIndex = 0; path = tippyTests.xctest; sourceTree = BUILT_PRODUCTS_DIR; };
		A838CC251D8902110066AF1A /* tippyTests.swift */ = {isa = PBXFileReference; lastKnownFileType = sourcecode.swift; path = tippyTests.swift; sourceTree = "<group>"; };
		A838CC271D8902110066AF1A /* Info.plist */ = {isa = PBXFileReference; lastKnownFileType = text.plist.xml; path = Info.plist; sourceTree = "<group>"; };
		A838CC2C1D8902110066AF1A /* tippyUITests.xctest */ = {isa = PBXFileReference; explicitFileType = wrapper.cfbundle; includeInIndex = 0; path = tippyUITests.xctest; sourceTree = BUILT_PRODUCTS_DIR; };
		A838CC301D8902110066AF1A /* tippyUITests.swift */ = {isa = PBXFileReference; lastKnownFileType = sourcecode.swift; path = tippyUITests.swift; sourceTree = "<group>"; };
		A838CC321D8902110066AF1A /* Info.plist */ = {isa = PBXFileReference; lastKnownFileType = text.plist.xml; path = Info.plist; sourceTree = "<group>"; };
/* End PBXFileReference section */

/* Begin PBXFrameworksBuildPhase section */
		A838CC0A1D8902110066AF1A /* Frameworks */ = {
			isa = PBXFrameworksBuildPhase;
			buildActionMask = 2147483647;
			files = (
			);
			runOnlyForDeploymentPostprocessing = 0;
		};
		A838CC1E1D8902110066AF1A /* Frameworks */ = {
			isa = PBXFrameworksBuildPhase;
			buildActionMask = 2147483647;
			files = (
			);
			runOnlyForDeploymentPostprocessing = 0;
		};
		A838CC291D8902110066AF1A /* Frameworks */ = {
			isa = PBXFrameworksBuildPhase;
			buildActionMask = 2147483647;
			files = (
			);
			runOnlyForDeploymentPostprocessing = 0;
		};
/* End PBXFrameworksBuildPhase section */

/* Begin PBXGroup section */
		A838CC041D8902110066AF1A = {
			isa = PBXGroup;
			children = (
				A838CC0F1D8902110066AF1A /* tippy */,
				A838CC241D8902110066AF1A /* tippyTests */,
				A838CC2F1D8902110066AF1A /* tippyUITests */,
				A838CC0E1D8902110066AF1A /* Products */,
			);
			sourceTree = "<group>";
		};
		A838CC0E1D8902110066AF1A /* Products */ = {
			isa = PBXGroup;
			children = (
				A838CC0D1D8902110066AF1A /* tippy.app */,
				A838CC211D8902110066AF1A /* tippyTests.xctest */,
				A838CC2C1D8902110066AF1A /* tippyUITests.xctest */,
			);
			name = Products;
			sourceTree = "<group>";
		};
		A838CC0F1D8902110066AF1A /* tippy */ = {
			isa = PBXGroup;
			children = (
				A838CC101D8902110066AF1A /* AppDelegate.swift */,
				A838CC121D8902110066AF1A /* ViewController.swift */,
				A838CC141D8902110066AF1A /* Main.storyboard */,
				A838CC171D8902110066AF1A /* Assets.xcassets */,
				A838CC191D8902110066AF1A /* LaunchScreen.storyboard */,
				A838CC1C1D8902110066AF1A /* Info.plist */,
			);
			path = tippy;
			sourceTree = "<group>";
		};
		A838CC241D8902110066AF1A /* tippyTests */ = {
			isa = PBXGroup;
			children = (
				A838CC251D8902110066AF1A /* tippyTests.swift */,
				A838CC271D8902110066AF1A /* Info.plist */,
			);
			path = tippyTests;
			sourceTree = "<group>";
		};
		A838CC2F1D8902110066AF1A /* tippyUITests */ = {
			isa = PBXGroup;
			children = (
				A838CC301D8902110066AF1A /* tippyUITests.swift */,
				A838CC321D8902110066AF1A /* Info.plist */,
			);
			path = tippyUITests;
			sourceTree = "<group>";
		};
/* End PBXGroup section */

/* Begin PBXNativeTarget section */
		A838CC0C1D8902110066AF1A /* tippy */ = {
			isa = PBXNativeTarget;
			buildConfigurationList = A838CC351D8902110066AF1A /* Build configuration list for PBXNativeTarget "tippy" */;
			buildPhases = (
				A838CC091D8902110066AF1A /* Sources */,
				A838CC0A1D8902110066AF1A /* Frameworks */,
				A838CC0B1D8902110066AF1A /* Resources */,
			);
			buildRules = (
			);
			dependencies = (
			);
			name = tippy;
			productName = tippy;
			productReference = A838CC0D1D8902110066AF1A /* tippy.app */;
			productType = "com.apple.product-type.application";
		};
		A838CC201D8902110066AF1A /* tippyTests */ = {
			isa = PBXNativeTarget;
			buildConfigurationList = A838CC381D8902110066AF1A /* Build configuration list for PBXNativeTarget "tippyTests" */;
			buildPhases = (
				A838CC1D1D8902110066AF1A /* Sources */,
				A838CC1E1D8902110066AF1A /* Frameworks */,
				A838CC1F1D8902110066AF1A /* Resources */,
			);
			buildRules = (
			);
			dependencies = (
				A838CC231D8902110066AF1A /* PBXTargetDependency */,
			);
			name = tippyTests;
			productName = tippyTests;
			productReference = A838CC211D8902110066AF1A /* tippyTests.xctest */;
			productType = "com.apple.product-type.bundle.unit-test";
		};
		A838CC2B1D8902110066AF1A /* tippyUITests */ = {
			isa = PBXNativeTarget;
			buildConfigurationList = A838CC3B1D8902110066AF1A /* Build configuration list for PBXNativeTarget "tippyUITests" */;
			buildPhases = (
				A838CC281D8902110066AF1A /* Sources */,
				A838CC291D8902110066AF1A /* Frameworks */,
				A838CC2A1D8902110066AF1A /* Resources */,
			);
			buildRules = (
			);
			dependencies = (
				A838CC2E1D8902110066AF1A /* PBXTargetDependency */,
			);
			name = tippyUITests;
			productName = tippyUITests;
			productReference = A838CC2C1D8902110066AF1A /* tippyUITests.xctest */;
			productType = "com.apple.product-type.bundle.ui-testing";
		};
/* End PBXNativeTarget section */

/* Begin PBXProject section */
		A838CC051D8902110066AF1A /* Project object */ = {
			isa = PBXProject;
			attributes = {
				LastSwiftUpdateCheck = 0730;
				LastUpgradeCheck = 0730;
				ORGANIZATIONNAME = edu.usc.student.terencezhang;
				TargetAttributes = {
					A838CC0C1D8902110066AF1A = {
						CreatedOnToolsVersion = 7.3.1;
					};
					A838CC201D8902110066AF1A = {
						CreatedOnToolsVersion = 7.3.1;
						TestTargetID = A838CC0C1D8902110066AF1A;
					};
					A838CC2B1D8902110066AF1A = {
						CreatedOnToolsVersion = 7.3.1;
						TestTargetID = A838CC0C1D8902110066AF1A;
					};
				};
			};
			buildConfigurationList = A838CC081D8902110066AF1A /* Build configuration list for PBXProject "tippy" */;
			compatibilityVersion = "Xcode 3.2";
			developmentRegion = English;
			hasScannedForEncodings = 0;
			knownRegions = (
				en,
				Base,
			);
			mainGroup = A838CC041D8902110066AF1A;
			productRefGroup = A838CC0E1D8902110066AF1A /* Products */;
			projectDirPath = "";
			projectRoot = "";
			targets = (
				A838CC0C1D8902110066AF1A /* tippy */,
				A838CC201D8902110066AF1A /* tippyTests */,
				A838CC2B1D8902110066AF1A /* tippyUITests */,
			);
		};
/* End PBXProject section */

/* Begin PBXResourcesBuildPhase section */
		A838CC0B1D8902110066AF1A /* Resources */ = {
			isa = PBXResourcesBuildPhase;
			buildActionMask = 2147483647;
			files = (
				A838CC1B1D8902110066AF1A /* LaunchScreen.storyboard in Resources */,
				A838CC181D8902110066AF1A /* Assets.xcassets in Resources */,
				A838CC161D8902110066AF1A /* Main.storyboard in Resources */,
			);
			runOnlyForDeploymentPostprocessing = 0;
		};
		A838CC1F1D8902110066AF1A /* Resources */ = {
			isa = PBXResourcesBuildPhase;
			buildActionMask = 2147483647;
			files = (
			);
			runOnlyForDeploymentPostprocessing = 0;
		};
		A838CC2A1D8902110066AF1A /* Resources */ = {
			isa = PBXResourcesBuildPhase;
			buildActionMask = 2147483647;
			files = (
			);
			runOnlyForDeploymentPostprocessing = 0;
		};
/* End PBXResourcesBuildPhase section */

/* Begin PBXSourcesBuildPhase section */
		A838CC091D8902110066AF1A /* Sources */ = {
			isa = PBXSourcesBuildPhase;
			buildActionMask = 2147483647;
			files = (
				A838CC131D8902110066AF1A /* ViewController.swift in Sources */,
				A838CC111D8902110066AF1A /* AppDelegate.swift in Sources */,
			);
			runOnlyForDeploymentPostprocessing = 0;
		};
		A838CC1D1D8902110066AF1A /* Sources */ = {
			isa = PBXSourcesBuildPhase;
			buildActionMask = 2147483647;
			files = (
				A838CC261D8902110066AF1A /* tippyTests.swift in Sources */,
			);
			runOnlyForDeploymentPostprocessing = 0;
		};
		A838CC281D8902110066AF1A /* Sources */ = {
			isa = PBXSourcesBuildPhase;
			buildActionMask = 2147483647;
			files = (
				A838CC311D8902110066AF1A /* tippyUITests.swift in Sources */,
			);
			runOnlyForDeploymentPostprocessing = 0;
		};
/* End PBXSourcesBuildPhase section */

/* Begin PBXTargetDependency section */
		A838CC231D8902110066AF1A /* PBXTargetDependency */ = {
			isa = PBXTargetDependency;
			target = A838CC0C1D8902110066AF1A /* tippy */;
			targetProxy = A838CC221D8902110066AF1A /* PBXContainerItemProxy */;
		};
		A838CC2E1D8902110066AF1A /* PBXTargetDependency */ = {
			isa = PBXTargetDependency;
			target = A838CC0C1D8902110066AF1A /* tippy */;
			targetProxy = A838CC2D1D8902110066AF1A /* PBXContainerItemProxy */;
		};
/* End PBXTargetDependency section */

/* Begin PBXVariantGroup section */
		A838CC141D8902110066AF1A /* Main.storyboard */ = {
			isa = PBXVariantGroup;
			children = (
				A838CC151D8902110066AF1A /* Base */,
			);
			name = Main.storyboard;
			sourceTree = "<group>";
		};
		A838CC191D8902110066AF1A /* LaunchScreen.storyboard */ = {
			isa = PBXVariantGroup;
			children = (
				A838CC1A1D8902110066AF1A /* Base */,
			);
			name = LaunchScreen.storyboard;
			sourceTree = "<group>";
		};
/* End PBXVariantGroup section */

/* Begin XCBuildConfiguration section */
		A838CC331D8902110066AF1A /* Debug */ = {
			isa = XCBuildConfiguration;
			buildSettings = {
				ALWAYS_SEARCH_USER_PATHS = NO;
				CLANG_ANALYZER_NONNULL = YES;
				CLANG_CXX_LANGUAGE_STANDARD = "gnu++0x";
				CLANG_CXX_LIBRARY = "libc++";
				CLANG_ENABLE_MODULES = YES;
				CLANG_ENABLE_OBJC_ARC = YES;
				CLANG_WARN_BOOL_CONVERSION = YES;
				CLANG_WARN_CONSTANT_CONVERSION = YES;
				CLANG_WARN_DIRECT_OBJC_ISA_USAGE = YES_ERROR;
				CLANG_WARN_EMPTY_BODY = YES;
				CLANG_WARN_ENUM_CONVERSION = YES;
				CLANG_WARN_INT_CONVERSION = YES;
				CLANG_WARN_OBJC_ROOT_CLASS = YES_ERROR;
				CLANG_WARN_UNREACHABLE_CODE = YES;
				CLANG_WARN__DUPLICATE_METHOD_MATCH = YES;
				"CODE_SIGN_IDENTITY[sdk=iphoneos*]" = "iPhone Developer";
				COPY_PHASE_STRIP = NO;
				DEBUG_INFORMATION_FORMAT = dwarf;
				ENABLE_STRICT_OBJC_MSGSEND = YES;
				ENABLE_TESTABILITY = YES;
				GCC_C_LANGUAGE_STANDARD = gnu99;
				GCC_DYNAMIC_NO_PIC = NO;
				GCC_NO_COMMON_BLOCKS = YES;
				GCC_OPTIMIZATION_LEVEL = 0;
				GCC_PREPROCESSOR_DEFINITIONS = (
					"DEBUG=1",
					"$(inherited)",
				);
				GCC_WARN_64_TO_32_BIT_CONVERSION = YES;
				GCC_WARN_ABOUT_RETURN_TYPE = YES_ERROR;
				GCC_WARN_UNDECLARED_SELECTOR = YES;
				GCC_WARN_UNINITIALIZED_AUTOS = YES_AGGRESSIVE;
				GCC_WARN_UNUSED_FUNCTION = YES;
				GCC_WARN_UNUSED_VARIABLE = YES;
				IPHONEOS_DEPLOYMENT_TARGET = 9.3;
				MTL_ENABLE_DEBUG_INFO = YES;
				ONLY_ACTIVE_ARCH = YES;
				SDKROOT = iphoneos;
				SWIFT_OPTIMIZATION_LEVEL = "-Onone";
			};
			name = Debug;
		};
		A838CC341D8902110066AF1A /* Release */ = {
			isa = XCBuildConfiguration;
			buildSettings = {
				ALWAYS_SEARCH_USER_PATHS = NO;
				CLANG_ANALYZER_NONNULL = YES;
				CLANG_CXX_LANGUAGE_STANDARD = "gnu++0x";
				CLANG_CXX_LIBRARY = "libc++";
				CLANG_ENABLE_MODULES = YES;
				CLANG_ENABLE_OBJC_ARC = YES;
				CLANG_WARN_BOOL_CONVERSION = YES;
				CLANG_WARN_CONSTANT_CONVERSION = YES;
				CLANG_WARN_DIRECT_OBJC_ISA_USAGE = YES_ERROR;
				CLANG_WARN_EMPTY_BODY = YES;
				CLANG_WARN_ENUM_CONVERSION = YES;
				CLANG_WARN_INT_CONVERSION = YES;
				CLANG_WARN_OBJC_ROOT_CLASS = YES_ERROR;
				CLANG_WARN_UNREACHABLE_CODE = YES;
				CLANG_WARN__DUPLICATE_METHOD_MATCH = YES;
				"CODE_SIGN_IDENTITY[sdk=iphoneos*]" = "iPhone Developer";
				COPY_PHASE_STRIP = NO;
				DEBUG_INFORMATION_FORMAT = "dwarf-with-dsym";
				ENABLE_NS_ASSERTIONS = NO;
				ENABLE_STRICT_OBJC_MSGSEND = YES;
				GCC_C_LANGUAGE_STANDARD = gnu99;
				GCC_NO_COMMON_BLOCKS = YES;
				GCC_WARN_64_TO_32_BIT_CONVERSION = YES;
				GCC_WARN_ABOUT_RETURN_TYPE = YES_ERROR;
				GCC_WARN_UNDECLARED_SELECTOR = YES;
				GCC_WARN_UNINITIALIZED_AUTOS = YES_AGGRESSIVE;
				GCC_WARN_UNUSED_FUNCTION = YES;
				GCC_WARN_UNUSED_VARIABLE = YES;
				IPHONEOS_DEPLOYMENT_TARGET = 9.3;
				MTL_ENABLE_DEBUG_INFO = NO;
				SDKROOT = iphoneos;
				VALIDATE_PRODUCT = YES;
			};
			name = Release;
		};
		A838CC361D8902110066AF1A /* Debug */ = {
			isa = XCBuildConfiguration;
			buildSettings = {
				ASSETCATALOG_COMPILER_APPICON_NAME = AppIcon;
				INFOPLIST_FILE = tippy/Info.plist;
				LD_RUNPATH_SEARCH_PATHS = "$(inherited) @executable_path/Frameworks";
				PRODUCT_BUNDLE_IDENTIFIER = com.example.tippy;
				PRODUCT_NAME = "$(TARGET_NAME)";
			};
			name = Debug;
		};
		A838CC371D8902110066AF1A /* Release */ = {
			isa = XCBuildConfiguration;
			buildSettings = {
				ASSETCATALOG_COMPILER_APPICON_NAME = AppIcon;
				INFOPLIST_FILE = tippy/Info.plist;
				LD_RUNPATH_SEARCH_PATHS = "$(inherited) @executable_path/Frameworks";
				PRODUCT_BUNDLE_IDENTIFIER = com.example.tippy;
				PRODUCT_NAME = "$(TARGET_NAME)";
			};
			name = Release;
		};
		A838CC391D8902110066AF1A /* Debug */ = {
			isa = XCBuildConfiguration;
			buildSettings = {
				BUNDLE_LOADER = "$(TEST_HOST)";
				INFOPLIST_FILE = tippyTests/Info.plist;
				LD_RUNPATH_SEARCH_PATHS = "$(inherited) @executable_path/Frameworks @loader_path/Frameworks";
				PRODUCT_BUNDLE_IDENTIFIER = com.example.tippyTests;
				PRODUCT_NAME = "$(TARGET_NAME)";
				TEST_HOST = "$(BUILT_PRODUCTS_DIR)/tippy.app/tippy";
			};
			name = Debug;
		};
		A838CC3A1D8902110066AF1A /* Release */ = {
			isa = XCBuildConfiguration;
			buildSettings = {
				BUNDLE_LOADER = "$(TEST_HOST)";
				INFOPLIST_FILE = tippyTests/Info.plist;
				LD_RUNPATH_SEARCH_PATHS = "$(inherited) @executable_path/Frameworks @loader_path/Frameworks";
				PRODUCT_BUNDLE_IDENTIFIER = com.example.tippyTests;
				PRODUCT_NAME = "$(TARGET_NAME)";
				TEST_HOST = "$(BUILT_PRODUCTS_DIR)/tippy.app/tippy";
			};
			name = Release;
		};
		A838CC3C1D8902110066AF1A /* Debug */ = {
			isa = XCBuildConfiguration;
			buildSettings = {
				INFOPLIST_FILE = tippyUITests/Info.plist;
				LD_RUNPATH_SEARCH_PATHS = "$(inherited) @executable_path/Frameworks @loader_path/Frameworks";
				PRODUCT_BUNDLE_IDENTIFIER = com.example.tippyUITests;
				PRODUCT_NAME = "$(TARGET_NAME)";
				TEST_TARGET_NAME = tippy;
			};
			name = Debug;
		};
		A838CC3D1D8902110066AF1A /* Release */ = {
			isa = XCBuildConfiguration;
			buildSettings = {
				INFOPLIST_FILE = tippyUITests/Info.plist;
				LD_RUNPATH_SEARCH_PATHS = "$(inherited) @executable_path/Frameworks @loader_path/Frameworks";
				PRODUCT_BUNDLE_IDENTIFIER = com.example.tippyUITests;
				PRODUCT_NAME = "$(TARGET_NAME)";
				TEST_TARGET_NAME = tippy;
			};
			name = Release;
		};
/* End XCBuildConfiguration section */

/* Begin XCConfigurationList section */
		A838CC081D8902110066AF1A /* Build configuration list for PBXProject "tippy" */ = {
			isa = XCConfigurationList;
			buildConfigurations = (
				A838CC331D8902110066AF1A /* Debug */,
				A838CC341D8902110066AF1A /* Release */,
			);
			defaultConfigurationIsVisible = 0;
			defaultConfigurationName = Release;
		};
		A838CC351D8902110066AF1A /* Build configuration list for PBXNativeTarget "tippy" */ = {
			isa = XCConfigurationList;
			buildConfigurations = (
				A838CC361D8902110066AF1A /* Debug */,
				A838CC371D8902110066AF1A /* Release */,
			);
			defaultConfigurationIsVisible = 0;
		};
		A838CC381D8902110066AF1A /* Build configuration list for PBXNativeTarget "tippyTests" */ = {
			isa = XCConfigurationList;
			buildConfigurations = (
				A838CC391D8902110066AF1A /* Debug */,
				A838CC3A1D8902110066AF1A /* Release */,
			);
			defaultConfigurationIsVisible = 0;
		};
		A838CC3B1D8902110066AF1A /* Build configuration list for PBXNativeTarget "tippyUITests" */ = {
			isa = XCConfigurationList;
			buildConfigurations = (
				A838CC3C1D8902110066AF1A /* Debug */,
				A838CC3D1D8902110066AF1A /* Release */,
			);
			defaultConfigurationIsVisible = 0;
		};
/* End XCConfigurationList section */
	};
	rootObject = A838CC051D8902110066AF1A /* Project object */;
}
